
Microsoft Visual Studio Solution File, Format Version 12.00
# Visual Studio Version 17
VisualStudioVersion = 17.6.33829.357
MinimumVisualStudioVersion = 10.0.40219.1
Project("{FAE04EC0-301F-11D3-BF4B-00C04F79EFBC}") = "CleanMovie.Domain", "CleanMovie.Domain.csproj", "{D5D796C4-C7F4-4F66-A532-50094F42522F}"
EndProject
Project("{FAE04EC0-301F-11D3-BF4B-00C04F79EFBC}") = "CleanMovie.Application", "..\CleanMovie.Application\CleanMovie.Application.csproj", "{92351775-9787-49BF-9B7C-CC31BF5B195F}"
EndProject
Project("{FAE04EC0-301F-11D3-BF4B-00C04F79EFBC}") = "CleanMovie.Infrastructure", "..\CleanMovie.Infrastructure\CleanMovie.Infrastructure.csproj", "{4B1CFD69-9AA6-46BE-8855-93C0D67426DA}"
EndProject
Project("{FAE04EC0-301F-11D3-BF4B-00C04F79EFBC}") = "CleanMovie.Presentation", "..\CleanMovie.Presentation\CleanMovie.Presentation.csproj", "{E7D97E68-8CE2-45F7-A364-8627C1F1DADA}"
EndProject
Global
	GlobalSection(SolutionConfigurationPlatforms) = preSolution
		Debug|Any CPU = Debug|Any CPU
		Release|Any CPU = Release|Any CPU
	EndGlobalSection
	GlobalSection(ProjectConfigurationPlatforms) = postSolution
		{D5D796C4-C7F4-4F66-A532-50094F42522F}.Debug|Any CPU.ActiveCfg = Debug|Any CPU
		{D5D796C4-C7F4-4F66-A532-50094F42522F}.Debug|Any CPU.Build.0 = Debug|Any CPU
		{D5D796C4-C7F4-4F66-A532-50094F42522F}.Release|Any CPU.ActiveCfg = Release|Any CPU
		{D5D796C4-C7F4-4F66-A532-50094F42522F}.Release|Any CPU.Build.0 = Release|Any CPU
		{92351775-9787-49BF-9B7C-CC31BF5B195F}.Debug|Any CPU.ActiveCfg = Debug|Any CPU
		{92351775-9787-49BF-9B7C-CC31BF5B195F}.Debug|Any CPU.Build.0 = Debug|Any CPU
		{92351775-9787-49BF-9B7C-CC31BF5B195F}.Release|Any CPU.ActiveCfg = Release|Any CPU
		{92351775-9787-49BF-9B7C-CC31BF5B195F}.Release|Any CPU.Build.0 = Release|Any CPU
		{4B1CFD69-9AA6-46BE-8855-93C0D67426DA}.Debug|Any CPU.ActiveCfg = Debug|Any CPU
		{4B1CFD69-9AA6-46BE-8855-93C0D67426DA}.Debug|Any CPU.Build.0 = Debug|Any CPU
		{4B1CFD69-9AA6-46BE-8855-93C0D67426DA}.Release|Any CPU.ActiveCfg = Release|Any CPU
		{4B1CFD69-9AA6-46BE-8855-93C0D67426DA}.Release|Any CPU.Build.0 = Release|Any CPU
		{E7D97E68-8CE2-45F7-A364-8627C1F1DADA}.Debug|Any CPU.ActiveCfg = Debug|Any CPU
		{E7D97E68-8CE2-45F7-A364-8627C1F1DADA}.Debug|Any CPU.Build.0 = Debug|Any CPU
		{E7D97E68-8CE2-45F7-A364-8627C1F1DADA}.Release|Any CPU.ActiveCfg = Release|Any CPU
		{E7D97E68-8CE2-45F7-A364-8627C1F1DADA}.Release|Any CPU.Build.0 = Release|Any CPU
	EndGlobalSection
	GlobalSection(SolutionProperties) = preSolution
		HideSolutionNode = FALSE
	EndGlobalSection
	GlobalSection(ExtensibilityGlobals) = postSolution
		SolutionGuid = {115C7C20-0742-4FC0-B7E4-EECAB9109480}
	EndGlobalSection
EndGlobal
